Microsoft Visual Studio Solution File, Format Version 7.00
Project("{FAE04EC0-301F-11D3-BF4B-00C04F79EFBC}") = "NetTemplateGenerator", "NetTemplateGenerator.csproj", "{2CF8A683-5F62-4DA4-BCA6-25A8316A2772}"
EndProject
Global
	GlobalSection(SolutionConfiguration) = preSolution
		ConfigName.0 = Debug
		ConfigName.1 = Release
	EndGlobalSection
	GlobalSection(ProjectDependencies) = postSolution
	EndGlobalSection
	GlobalSection(ProjectConfiguration) = postSolution
		{2CF8A683-5F62-4DA4-BCA6-25A8316A2772}.Debug.ActiveCfg = Debug|.NET
		{2CF8A683-5F62-4DA4-BCA6-25A8316A2772}.Debug.Build.0 = Debug|.NET
		{2CF8A683-5F62-4DA4-BCA6-25A8316A2772}.Release.ActiveCfg = Release|.NET
		{2CF8A683-5F62-4DA4-BCA6-25A8316A2772}.Release.Build.0 = Release|.NET
	EndGlobalSection
	GlobalSection(ExtensibilityGlobals) = postSolution
	EndGlobalSection
	GlobalSection(ExtensibilityAddIns) = postSolution
	EndGlobalSection
EndGlobal
